# This file is automatically @generated by Cargo.
# It is not intended for manual editing.
version = 4

[[package]]
name = "autocfg"
version = "1.5.0"
source = "registry+https://github.com/rust-lang/crates.io-index"
checksum = "c08606f8c3cbf4ce6ec8e28fb0014a2c086708fe954eaa885384a6165172e7e8"

[[package]]
name = "benchmark"
version = "0.1.0"
dependencies = [
 "jsony",
 "jsony_bench",
 "jsony_value",
]

[[package]]
name = "bitflags"
version = "2.11.1"
source = "registry+https://github.com/rust-lang/crates.io-index"
checksum = "c4512299f36f043ab09a583e57bceb5a5aab7a73db1805848e8fef3c9e8c78b3"

[[package]]
name = "c-enum"
version = "0.2.3"
source = "registry+https://github.com/rust-lang/crates.io-index"
checksum = "cd17eb909a8c6a894926bfcc3400a4bb0e732f5a57d37b1f14e8b29e329bace8"

[[package]]
name = "foldhash"
version = "0.2.0"
source = "registry+https://github.com/rust-lang/crates.io-index"
checksum = "77ce24cb58228fbb8aa041425bb1050850ac19177686ea6e0f41a70416f56fdb"

[[package]]
name = "itoa"
version = "1.0.15"
source = "registry+https://github.com/rust-lang/crates.io-index"
checksum = "4a5f13b858c8d314ee3e8f639011f7ccefe71f97f96e50151fb991f267928e2c"

[[package]]
name = "jsony"
version = "0.1.9"
dependencies = [
 "itoa",
 "jsony_macros",
 "zmij",
]

[[package]]
name = "jsony_bench"
version = "0.1.0"
dependencies = [
 "jsony",
 "jsony_macros",
 "perf-event2",
]

[[package]]
name = "jsony_macros"
version = "0.1.8"

[[package]]
name = "jsony_value"
version = "0.0.1"
dependencies = [
 "foldhash",
 "jsony",
]

[[package]]
name = "libc"
version = "0.2.186"
source = "registry+https://github.com/rust-lang/crates.io-index"
checksum = "68ab91017fe16c622486840e4c83c9a37afeff978bd239b5293d61ece587de66"

[[package]]
name = "memmap2"
version = "0.9.10"
source = "registry+https://github.com/rust-lang/crates.io-index"
checksum = "714098028fe011992e1c3962653c96b2d578c4b4bce9036e15ff220319b1e0e3"
dependencies = [
 "libc",
]

[[package]]
name = "memoffset"
version = "0.9.1"
source = "registry+https://github.com/rust-lang/crates.io-index"
checksum = "488016bfae457b036d996092f6cb448677611ce4449e970ceaf42695203f218a"
dependencies = [
 "autocfg",
]

[[package]]
name = "perf-event-data"
version = "0.1.8"
source = "registry+https://github.com/rust-lang/crates.io-index"
checksum = "575828d9d7d205188048eb1508560607a03d21eafdbba47b8cade1736c1c28e1"
dependencies = [
 "bitflags",
 "c-enum",
 "perf-event-open-sys2",
]

[[package]]
name = "perf-event-open-sys2"
version = "5.0.6"
source = "registry+https://github.com/rust-lang/crates.io-index"
checksum = "d9c25955321465255e437600b54296983fab1feac2cd0c38958adeb26dbae49e"
dependencies = [
 "libc",
 "memoffset",
]

[[package]]
name = "perf-event2"
version = "0.7.4"
source = "registry+https://github.com/rust-lang/crates.io-index"
checksum = "0939b8fad77dfaeb29ebbd35faaeaadbf833167f30975f1b8993bbba09ea0a0f"
dependencies = [
 "bitflags",
 "c-enum",
 "libc",
 "memmap2",
 "perf-event-data",
 "perf-event-open-sys2",
]

[[package]]
name = "zmij"
version = "1.0.21"
source = "registry+https://github.com/rust-lang/crates.io-index"
checksum = "b8848ee67ecc8aedbaf3e4122217aff892639231befc6a1b58d29fff4c2cabaa"
