# This file is automatically @generated by Cargo.
# It is not intended for manual editing.
version = 4

[[package]]
name = "itoa"
version = "1.0.15"
source = "registry+https://github.com/rust-lang/crates.io-index"
checksum = "4a5f13b858c8d314ee3e8f639011f7ccefe71f97f96e50151fb991f267928e2c"

[[package]]
name = "jsony"
version = "0.1.6"
source = "registry+https://github.com/rust-lang/crates.io-index"
checksum = "db453cf83fe127144257503b20038d84af91ad7b6eb5e6951b73462f12e59b8d"
dependencies = [
 "itoa",
 "jsony_macros",
 "ryu",
]

[[package]]
name = "jsony_config"
version = "0.1.0"
dependencies = [
 "jsony",
 "kvlog",
]

[[package]]
name = "jsony_macros"
version = "0.1.5"
source = "registry+https://github.com/rust-lang/crates.io-index"
checksum = "9e54c526131e306c9160455e0e7625a902b2c0d63c4d277d4c7243b63ce43c23"

[[package]]
name = "kvlog"
version = "0.1.3"
source = "registry+https://github.com/rust-lang/crates.io-index"
checksum = "aebc9a3d14d6f55b32b9c0a174264514deb9198707836aa13e0468a650820981"
dependencies = [
 "itoa",
 "kvlog-macros",
 "uuid",
]

[[package]]
name = "kvlog-macros"
version = "0.1.1"
source = "registry+https://github.com/rust-lang/crates.io-index"
checksum = "175e52cba734851ef3ed52c39c5df2937b5ffe912d3ab0c757bb53aa8e58b522"

[[package]]
name = "ryu"
version = "1.0.20"
source = "registry+https://github.com/rust-lang/crates.io-index"
checksum = "28d3b2b1366ec20994f1fd18c3c594f05c5dd4bc44d8bb0c1c632c8d6829481f"

[[package]]
name = "uuid"
version = "1.17.0"
source = "registry+https://github.com/rust-lang/crates.io-index"
checksum = "3cf4199d1e5d15ddd86a694e4d0dffa9c323ce759fea589f00fef9d81cc1931d"
